
Microsoft Visual Studio Solution File, Format Version 12.00
# Visual Studio Version 17
VisualStudioVersion = 17.5.002.0
MinimumVisualStudioVersion = 10.0.40219.1
Project("{9A19103F-16F7-4668-BE54-9A1E7A4F7556}") = "TableParser", "TableParser.csproj", "{3E9285C6-D80A-43A8-A7EA-F7E53598358F}"
EndProject
Global
	GlobalSection(SolutionConfigurationPlatforms) = preSolution
		Debug|Any CPU = Debug|Any CPU
		Release|Any CPU = Release|Any CPU
	EndGlobalSection
	GlobalSection(ProjectConfigurationPlatforms) = postSolution
		{3E9285C6-D80A-43A8-A7EA-F7E53598358F}.Debug|Any CPU.ActiveCfg = Debug|Any CPU
		{3E9285C6-D80A-43A8-A7EA-F7E53598358F}.Debug|Any CPU.Build.0 = Debug|Any CPU
		{3E9285C6-D80A-43A8-A7EA-F7E53598358F}.Release|Any CPU.ActiveCfg = Release|Any CPU
		{3E9285C6-D80A-43A8-A7EA-F7E53598358F}.Release|Any CPU.Build.0 = Release|Any CPU
	EndGlobalSection
	GlobalSection(SolutionProperties) = preSolution
		HideSolutionNode = FALSE
	EndGlobalSection
	GlobalSection(ExtensibilityGlobals) = postSolution
		SolutionGuid = {14D3EAAE-3165-4394-A17A-B610AFDBD0E4}
	EndGlobalSection
EndGlobal
