Microsoft Visual Studio Solution File, Format Version 12.00
# Visual Studio Version 17
VisualStudioVersion = 17.5.2.0
MinimumVisualStudioVersion = 10.0.40219.1
Project("{FAE04EC0-301F-11D3-BF4B-00C04F79EFBC}") = "gr4", "gr4.csproj", "{0744961B-3FA2-D641-1801-8DF98085FD2A}"
EndProject
Global
	GlobalSection(SolutionConfigurationPlatforms) = preSolution
		Debug|Any CPU = Debug|Any CPU
		Release|Any CPU = Release|Any CPU
	EndGlobalSection
	GlobalSection(ProjectConfigurationPlatforms) = postSolution
		{0744961B-3FA2-D641-1801-8DF98085FD2A}.Debug|Any CPU.ActiveCfg = Debug|Any CPU
		{0744961B-3FA2-D641-1801-8DF98085FD2A}.Debug|Any CPU.Build.0 = Debug|Any CPU
		{0744961B-3FA2-D641-1801-8DF98085FD2A}.Release|Any CPU.ActiveCfg = Release|Any CPU
		{0744961B-3FA2-D641-1801-8DF98085FD2A}.Release|Any CPU.Build.0 = Release|Any CPU
	EndGlobalSection
	GlobalSection(SolutionProperties) = preSolution
		HideSolutionNode = FALSE
	EndGlobalSection
	GlobalSection(ExtensibilityGlobals) = postSolution
		SolutionGuid = {743F6B98-2BCA-4750-A929-B9B30778A27B}
	EndGlobalSection
EndGlobal
