
Microsoft Visual Studio Solution File, Format Version 12.00
# Visual Studio Version 17
VisualStudioVersion = 17.0.31903.59
MinimumVisualStudioVersion = 10.0.40219.1
Project("{FAE04EC0-301F-11D3-BF4B-00C04F79EFBC}") = "g6", "g6\g6.csproj", "{C104A670-50FF-4711-A7F5-2E9C79770C2E}"
EndProject
Project("{FAE04EC0-301F-11D3-BF4B-00C04F79EFBC}") = "gr4", "gr4\gr4.csproj", "{F9342A26-CE3D-492E-A40A-D7D671B7E4C2}"
EndProject
Global
	GlobalSection(SolutionConfigurationPlatforms) = preSolution
		Debug|Any CPU = Debug|Any CPU
		Release|Any CPU = Release|Any CPU
	EndGlobalSection
	GlobalSection(SolutionProperties) = preSolution
		HideSolutionNode = FALSE
	EndGlobalSection
	GlobalSection(ProjectConfigurationPlatforms) = postSolution
		{C104A670-50FF-4711-A7F5-2E9C79770C2E}.Debug|Any CPU.ActiveCfg = Debug|Any CPU
		{C104A670-50FF-4711-A7F5-2E9C79770C2E}.Debug|Any CPU.Build.0 = Debug|Any CPU
		{C104A670-50FF-4711-A7F5-2E9C79770C2E}.Release|Any CPU.ActiveCfg = Release|Any CPU
		{C104A670-50FF-4711-A7F5-2E9C79770C2E}.Release|Any CPU.Build.0 = Release|Any CPU
		{F9342A26-CE3D-492E-A40A-D7D671B7E4C2}.Debug|Any CPU.ActiveCfg = Debug|Any CPU
		{F9342A26-CE3D-492E-A40A-D7D671B7E4C2}.Debug|Any CPU.Build.0 = Debug|Any CPU
		{F9342A26-CE3D-492E-A40A-D7D671B7E4C2}.Release|Any CPU.ActiveCfg = Release|Any CPU
		{F9342A26-CE3D-492E-A40A-D7D671B7E4C2}.Release|Any CPU.Build.0 = Release|Any CPU
	EndGlobalSection
EndGlobal
