
Microsoft Visual Studio Solution File, Format Version 12.00
# Visual Studio Version 17
VisualStudioVersion = 17.5.002.0
MinimumVisualStudioVersion = 10.0.40219.1
Project("{9A19103F-16F7-4668-BE54-9A1E7A4F7556}") = "HotelAccounting", "HotelAccounting.csproj", "{1EBA9D4E-1FA9-495A-9E21-B6466B5C0494}"
EndProject
Global
	GlobalSection(SolutionConfigurationPlatforms) = preSolution
		Debug|Any CPU = Debug|Any CPU
		Release|Any CPU = Release|Any CPU
	EndGlobalSection
	GlobalSection(ProjectConfigurationPlatforms) = postSolution
		{1EBA9D4E-1FA9-495A-9E21-B6466B5C0494}.Debug|Any CPU.ActiveCfg = Debug|Any CPU
		{1EBA9D4E-1FA9-495A-9E21-B6466B5C0494}.Debug|Any CPU.Build.0 = Debug|Any CPU
		{1EBA9D4E-1FA9-495A-9E21-B6466B5C0494}.Release|Any CPU.ActiveCfg = Release|Any CPU
		{1EBA9D4E-1FA9-495A-9E21-B6466B5C0494}.Release|Any CPU.Build.0 = Release|Any CPU
	EndGlobalSection
	GlobalSection(SolutionProperties) = preSolution
		HideSolutionNode = FALSE
	EndGlobalSection
	GlobalSection(ExtensibilityGlobals) = postSolution
		SolutionGuid = {A7333ABA-6272-4A8C-B5F5-06E99A499541}
	EndGlobalSection
EndGlobal
