
Microsoft Visual Studio Solution File, Format Version 12.00
# Visual Studio Version 17
VisualStudioVersion = 17.5.002.0
MinimumVisualStudioVersion = 10.0.40219.1
Project("{9A19103F-16F7-4668-BE54-9A1E7A4F7556}") = "autocomplete", "autocomplete.csproj", "{5B836234-617D-4E4B-AF73-51CDE0CBF401}"
EndProject
Global
	GlobalSection(SolutionConfigurationPlatforms) = preSolution
		Debug|Any CPU = Debug|Any CPU
		Release|Any CPU = Release|Any CPU
	EndGlobalSection
	GlobalSection(ProjectConfigurationPlatforms) = postSolution
		{5B836234-617D-4E4B-AF73-51CDE0CBF401}.Debug|Any CPU.ActiveCfg = Debug|Any CPU
		{5B836234-617D-4E4B-AF73-51CDE0CBF401}.Debug|Any CPU.Build.0 = Debug|Any CPU
		{5B836234-617D-4E4B-AF73-51CDE0CBF401}.Release|Any CPU.ActiveCfg = Release|Any CPU
		{5B836234-617D-4E4B-AF73-51CDE0CBF401}.Release|Any CPU.Build.0 = Release|Any CPU
	EndGlobalSection
	GlobalSection(SolutionProperties) = preSolution
		HideSolutionNode = FALSE
	EndGlobalSection
	GlobalSection(ExtensibilityGlobals) = postSolution
		SolutionGuid = {3B5BDCD6-C578-4A0B-B92B-A217CBEEFB70}
	EndGlobalSection
EndGlobal
