
Microsoft Visual Studio Solution File, Format Version 12.00
# Visual Studio Version 17
VisualStudioVersion = 17.5.002.0
MinimumVisualStudioVersion = 10.0.40219.1
Project("{9A19103F-16F7-4668-BE54-9A1E7A4F7556}") = "Passwords", "Passwords.csproj", "{2C48BE06-ED84-459D-A74A-190F87B2E3F8}"
EndProject
Global
	GlobalSection(SolutionConfigurationPlatforms) = preSolution
		Debug|Any CPU = Debug|Any CPU
		Release|Any CPU = Release|Any CPU
	EndGlobalSection
	GlobalSection(ProjectConfigurationPlatforms) = postSolution
		{2C48BE06-ED84-459D-A74A-190F87B2E3F8}.Debug|Any CPU.ActiveCfg = Debug|Any CPU
		{2C48BE06-ED84-459D-A74A-190F87B2E3F8}.Debug|Any CPU.Build.0 = Debug|Any CPU
		{2C48BE06-ED84-459D-A74A-190F87B2E3F8}.Release|Any CPU.ActiveCfg = Release|Any CPU
		{2C48BE06-ED84-459D-A74A-190F87B2E3F8}.Release|Any CPU.Build.0 = Release|Any CPU
	EndGlobalSection
	GlobalSection(SolutionProperties) = preSolution
		HideSolutionNode = FALSE
	EndGlobalSection
	GlobalSection(ExtensibilityGlobals) = postSolution
		SolutionGuid = {4DF99CB4-5792-4783-B039-BB8E7E920FCA}
	EndGlobalSection
EndGlobal
