Microsoft Visual Studio Solution File, Format Version 12.00
# Visual Studio Version 17
VisualStudioVersion = 17.5.2.0
MinimumVisualStudioVersion = 10.0.40219.1
Project("{FAE04EC0-301F-11D3-BF4B-00C04F79EFBC}") = "yield-return-smooth", "yield-return-smooth.csproj", "{29245AC7-E52D-E9BD-DC30-55588840D4BD}"
EndProject
Global
	GlobalSection(SolutionConfigurationPlatforms) = preSolution
		Debug|Any CPU = Debug|Any CPU
		Release|Any CPU = Release|Any CPU
	EndGlobalSection
	GlobalSection(ProjectConfigurationPlatforms) = postSolution
		{29245AC7-E52D-E9BD-DC30-55588840D4BD}.Debug|Any CPU.ActiveCfg = Debug|Any CPU
		{29245AC7-E52D-E9BD-DC30-55588840D4BD}.Debug|Any CPU.Build.0 = Debug|Any CPU
		{29245AC7-E52D-E9BD-DC30-55588840D4BD}.Release|Any CPU.ActiveCfg = Release|Any CPU
		{29245AC7-E52D-E9BD-DC30-55588840D4BD}.Release|Any CPU.Build.0 = Release|Any CPU
	EndGlobalSection
	GlobalSection(SolutionProperties) = preSolution
		HideSolutionNode = FALSE
	EndGlobalSection
	GlobalSection(ExtensibilityGlobals) = postSolution
		SolutionGuid = {201E2DF9-F000-46CA-84FF-C70984074F04}
	EndGlobalSection
EndGlobal
