
Microsoft Visual Studio Solution File, Format Version 12.00
# Visual Studio Version 17
VisualStudioVersion = 17.0.31903.59
MinimumVisualStudioVersion = 10.0.40219.1
Project("{FAE04EC0-301F-11D3-BF4B-00C04F79EFBC}") = "gr4", "gr4\gr4.csproj", "{DB4B4942-3EEE-41F9-BED4-04B8A3E0E12F}"
EndProject
Global
	GlobalSection(SolutionConfigurationPlatforms) = preSolution
		Debug|Any CPU = Debug|Any CPU
		Release|Any CPU = Release|Any CPU
	EndGlobalSection
	GlobalSection(SolutionProperties) = preSolution
		HideSolutionNode = FALSE
	EndGlobalSection
	GlobalSection(ProjectConfigurationPlatforms) = postSolution
		{DB4B4942-3EEE-41F9-BED4-04B8A3E0E12F}.Debug|Any CPU.ActiveCfg = Debug|Any CPU
		{DB4B4942-3EEE-41F9-BED4-04B8A3E0E12F}.Debug|Any CPU.Build.0 = Debug|Any CPU
		{DB4B4942-3EEE-41F9-BED4-04B8A3E0E12F}.Release|Any CPU.ActiveCfg = Release|Any CPU
		{DB4B4942-3EEE-41F9-BED4-04B8A3E0E12F}.Release|Any CPU.Build.0 = Release|Any CPU
	EndGlobalSection
EndGlobal
