Microsoft Visual Studio Solution File, Format Version 12.00
# Visual Studio Version 17
VisualStudioVersion = 17.5.2.0
MinimumVisualStudioVersion = 10.0.40219.1
Project("{FAE04EC0-301F-11D3-BF4B-00C04F79EFBC}") = "hashes-readonly-bytes", "hashes-readonly-bytes.csproj", "{72D6321C-F6CF-96A0-410D-53EF65C9F803}"
EndProject
Global
	GlobalSection(SolutionConfigurationPlatforms) = preSolution
		Debug|Any CPU = Debug|Any CPU
		Release|Any CPU = Release|Any CPU
	EndGlobalSection
	GlobalSection(ProjectConfigurationPlatforms) = postSolution
		{72D6321C-F6CF-96A0-410D-53EF65C9F803}.Debug|Any CPU.ActiveCfg = Debug|Any CPU
		{72D6321C-F6CF-96A0-410D-53EF65C9F803}.Debug|Any CPU.Build.0 = Debug|Any CPU
		{72D6321C-F6CF-96A0-410D-53EF65C9F803}.Release|Any CPU.ActiveCfg = Release|Any CPU
		{72D6321C-F6CF-96A0-410D-53EF65C9F803}.Release|Any CPU.Build.0 = Release|Any CPU
	EndGlobalSection
	GlobalSection(SolutionProperties) = preSolution
		HideSolutionNode = FALSE
	EndGlobalSection
	GlobalSection(ExtensibilityGlobals) = postSolution
		SolutionGuid = {E7422D91-6778-4999-A3CC-52961216125D}
	EndGlobalSection
EndGlobal
